
Microsoft Visual Studio Solution File, Format Version 12.00
# Visual Studio Version 16
VisualStudioVersion = 16.0.31205.134
MinimumVisualStudioVersion = 10.0.40219.1
Project("{FAE04EC0-301F-11D3-BF4B-00C04F79EFBC}") = "Car_Race", "Car_Race\Car_Race.csproj", "{73222D85-A044-4209-852E-129C6CA72DEE}"
EndProject
Global
	GlobalSection(SolutionConfigurationPlatforms) = preSolution
		Debug|Any CPU = Debug|Any CPU
		Release|Any CPU = Release|Any CPU
	EndGlobalSection
	GlobalSection(ProjectConfigurationPlatforms) = postSolution
		{73222D85-A044-4209-852E-129C6CA72DEE}.Debug|Any CPU.ActiveCfg = Debug|Any CPU
		{73222D85-A044-4209-852E-129C6CA72DEE}.Debug|Any CPU.Build.0 = Debug|Any CPU
		{73222D85-A044-4209-852E-129C6CA72DEE}.Release|Any CPU.ActiveCfg = Release|Any CPU
		{73222D85-A044-4209-852E-129C6CA72DEE}.Release|Any CPU.Build.0 = Release|Any CPU
	EndGlobalSection
	GlobalSection(SolutionProperties) = preSolution
		HideSolutionNode = FALSE
	EndGlobalSection
	GlobalSection(ExtensibilityGlobals) = postSolution
		SolutionGuid = {69BCE326-B8A7-47D7-8694-7B2860ED3C35}
	EndGlobalSection
EndGlobal
